
Microsoft Visual Studio Solution File, Format Version 12.00
# Visual Studio Version 17
VisualStudioVersion = 17.1.32210.238
MinimumVisualStudioVersion = 10.0.40219.1
Project("{8BC9CEB8-8B4A-11D0-8D11-00A0C91BC942}") = "binary_tree", "binary_tree\binary_tree.vcxproj", "{90013680-D879-413C-8685-8E3F65698DE1}"
EndProject
Global
	GlobalSection(SolutionConfigurationPlatforms) = preSolution
		Debug|x64 = Debug|x64
		Debug|x86 = Debug|x86
		Release|x64 = Release|x64
		Release|x86 = Release|x86
	EndGlobalSection
	GlobalSection(ProjectConfigurationPlatforms) = postSolution
		{90013680-D879-413C-8685-8E3F65698DE1}.Debug|x64.ActiveCfg = Debug|x64
		{90013680-D879-413C-8685-8E3F65698DE1}.Debug|x64.Build.0 = Debug|x64
		{90013680-D879-413C-8685-8E3F65698DE1}.Debug|x86.ActiveCfg = Debug|Win32
		{90013680-D879-413C-8685-8E3F65698DE1}.Debug|x86.Build.0 = Debug|Win32
		{90013680-D879-413C-8685-8E3F65698DE1}.Release|x64.ActiveCfg = Release|x64
		{90013680-D879-413C-8685-8E3F65698DE1}.Release|x64.Build.0 = Release|x64
		{90013680-D879-413C-8685-8E3F65698DE1}.Release|x86.ActiveCfg = Release|Win32
		{90013680-D879-413C-8685-8E3F65698DE1}.Release|x86.Build.0 = Release|Win32
	EndGlobalSection
	GlobalSection(SolutionProperties) = preSolution
		HideSolutionNode = FALSE
	EndGlobalSection
	GlobalSection(ExtensibilityGlobals) = postSolution
		SolutionGuid = {63369127-B5BB-4561-8FE1-CA83B5D76659}
	EndGlobalSection
EndGlobal
